// !$*UTF8*$!
{
	archiveVersion = 1;
	classes = {
	};
	objectVersion = 77;
	objects = {

/* Begin PBXContainerItemProxy section */
		88BC58EF2D3E327500B2F889 /* PBXContainerItemProxy */ = {
			isa = PBXContainerItemProxy;
			containerPortal = 88BC58D62D3E327300B2F889 /* Project object */;
			proxyType = 1;
			remoteGlobalIDString = 88BC58DD2D3E327300B2F889;
			remoteInfo = "Premier League Players";
		};
		88BC58F92D3E327500B2F889 /* PBXContainerItemProxy */ = {
			isa = PBXContainerItemProxy;
			containerPortal = 88BC58D62D3E327300B2F889 /* Project object */;
			proxyType = 1;
			remoteGlobalIDString = 88BC58DD2D3E327300B2F889;
			remoteInfo = "Premier League Players";
		};
/* End PBXContainerItemProxy section */

/* Begin PBXFileReference section */
		88BC58DE2D3E327300B2F889 /* Premier League Players.app */ = {isa = PBXFileReference; explicitFileType = wrapper.application; includeInIndex = 0; path = "Premier League Players.app"; sourceTree = BUILT_PRODUCTS_DIR; };
		88BC58EE2D3E327500B2F889 /* Premier League PlayersTests.xctest */ = {isa = PBXFileReference; explicitFileType = wrapper.cfbundle; includeInIndex = 0; path = "Premier League PlayersTests.xctest"; sourceTree = BUILT_PRODUCTS_DIR; };
		88BC58F82D3E327500B2F889 /* Premier League PlayersUITests.xctest */ = {isa = PBXFileReference; explicitFileType = wrapper.cfbundle; includeInIndex = 0; path = "Premier League PlayersUITests.xctest"; sourceTree = BUILT_PRODUCTS_DIR; };
/* End PBXFileReference section */

/* Begin PBXFileSystemSynchronizedRootGroup section */
		88BC58E02D3E327300B2F889 /* Premier League Players */ = {
			isa = PBXFileSystemSynchronizedRootGroup;
			path = "Premier League Players";
			sourceTree = "<group>";
		};
		88BC58F12D3E327500B2F889 /* Premier League PlayersTests */ = {
			isa = PBXFileSystemSynchronizedRootGroup;
			path = "Premier League PlayersTests";
			sourceTree = "<group>";
		};
		88BC58FB2D3E327500B2F889 /* Premier League PlayersUITests */ = {
			isa = PBXFileSystemSynchronizedRootGroup;
			path = "Premier League PlayersUITests";
			sourceTree = "<group>";
		};
/* End PBXFileSystemSynchronizedRootGroup section */

/* Begin PBXFrameworksBuildPhase section */
		88BC58DB2D3E327300B2F889 /* Frameworks */ = {
			isa = PBXFrameworksBuildPhase;
			buildActionMask = 2147483647;
			files = (
			);
			runOnlyForDeploymentPostprocessing = 0;
		};
		88BC58EB2D3E327500B2F889 /* Frameworks */ = {
			isa = PBXFrameworksBuildPhase;
			buildActionMask = 2147483647;
			files = (
			);
			runOnlyForDeploymentPostprocessing = 0;
		};
		88BC58F52D3E327500B2F889 /* Frameworks */ = {
			isa = PBXFrameworksBuildPhase;
			buildActionMask = 2147483647;
			files = (
			);
			runOnlyForDeploymentPostprocessing = 0;
		};
/* End PBXFrameworksBuildPhase section */

/* Begin PBXGroup section */
		88BC58D52D3E327300B2F889 = {
			isa = PBXGroup;
			children = (
				88BC58E02D3E327300B2F889 /* Premier League Players */,
				88BC58F12D3E327500B2F889 /* Premier League PlayersTests */,
				88BC58FB2D3E327500B2F889 /* Premier League PlayersUITests */,
				88BC58DF2D3E327300B2F889 /* Products */,
			);
			sourceTree = "<group>";
		};
		88BC58DF2D3E327300B2F889 /* Products */ = {
			isa = PBXGroup;
			children = (
				88BC58DE2D3E327300B2F889 /* Premier League Players.app */,
				88BC58EE2D3E327500B2F889 /* Premier League PlayersTests.xctest */,
				88BC58F82D3E327500B2F889 /* Premier League PlayersUITests.xctest */,
			);
			name = Products;
			sourceTree = "<group>";
		};
/* End PBXGroup section */

/* Begin PBXNativeTarget section */
		88BC58DD2D3E327300B2F889 /* Premier League Players */ = {
			isa = PBXNativeTarget;
			buildConfigurationList = 88BC59022D3E327500B2F889 /* Build configuration list for PBXNativeTarget "Premier League Players" */;
			buildPhases = (
				88BC58DA2D3E327300B2F889 /* Sources */,
				88BC58DB2D3E327300B2F889 /* Frameworks */,
				88BC58DC2D3E327300B2F889 /* Resources */,
			);
			buildRules = (
			);
			dependencies = (
			);
			fileSystemSynchronizedGroups = (
				88BC58E02D3E327300B2F889 /* Premier League Players */,
			);
			name = "Premier League Players";
			packageProductDependencies = (
			);
			productName = "Premier League Players";
			productReference = 88BC58DE2D3E327300B2F889 /* Premier League Players.app */;
			productType = "com.apple.product-type.application";
		};
		88BC58ED2D3E327500B2F889 /* Premier League PlayersTests */ = {
			isa = PBXNativeTarget;
			buildConfigurationList = 88BC59052D3E327500B2F889 /* Build configuration list for PBXNativeTarget "Premier League PlayersTests" */;
			buildPhases = (
				88BC58EA2D3E327500B2F889 /* Sources */,
				88BC58EB2D3E327500B2F889 /* Frameworks */,
				88BC58EC2D3E327500B2F889 /* Resources */,
			);
			buildRules = (
			);
			dependencies = (
				88BC58F02D3E327500B2F889 /* PBXTargetDependency */,
			);
			fileSystemSynchronizedGroups = (
				88BC58F12D3E327500B2F889 /* Premier League PlayersTests */,
			);
			name = "Premier League PlayersTests";
			packageProductDependencies = (
			);
			productName = "Premier League PlayersTests";
			productReference = 88BC58EE2D3E327500B2F889 /* Premier League PlayersTests.xctest */;
			productType = "com.apple.product-type.bundle.unit-test";
		};
		88BC58F72D3E327500B2F889 /* Premier League PlayersUITests */ = {
			isa = PBXNativeTarget;
			buildConfigurationList = 88BC59082D3E327500B2F889 /* Build configuration list for PBXNativeTarget "Premier League PlayersUITests" */;
			buildPhases = (
				88BC58F42D3E327500B2F889 /* Sources */,
				88BC58F52D3E327500B2F889 /* Frameworks */,
				88BC58F62D3E327500B2F889 /* Resources */,
			);
			buildRules = (
			);
			dependencies = (
				88BC58FA2D3E327500B2F889 /* PBXTargetDependency */,
			);
			fileSystemSynchronizedGroups = (
				88BC58FB2D3E327500B2F889 /* Premier League PlayersUITests */,
			);
			name = "Premier League PlayersUITests";
			packageProductDependencies = (
			);
			productName = "Premier League PlayersUITests";
			productReference = 88BC58F82D3E327500B2F889 /* Premier League PlayersUITests.xctest */;
			productType = "com.apple.product-type.bundle.ui-testing";
		};
/* End PBXNativeTarget section */

/* Begin PBXProject section */
		88BC58D62D3E327300B2F889 /* Project object */ = {
			isa = PBXProject;
			attributes = {
				BuildIndependentTargetsInParallel = 1;
				LastSwiftUpdateCheck = 1620;
				LastUpgradeCheck = 1620;
				TargetAttributes = {
					88BC58DD2D3E327300B2F889 = {
						CreatedOnToolsVersion = 16.2;
					};
					88BC58ED2D3E327500B2F889 = {
						CreatedOnToolsVersion = 16.2;
						TestTargetID = 88BC58DD2D3E327300B2F889;
					};
					88BC58F72D3E327500B2F889 = {
						CreatedOnToolsVersion = 16.2;
						TestTargetID = 88BC58DD2D3E327300B2F889;
					};
				};
			};
			buildConfigurationList = 88BC58D92D3E327300B2F889 /* Build configuration list for PBXProject "Premier League Players" */;
			developmentRegion = en;
			hasScannedForEncodings = 0;
			knownRegions = (
				en,
				Base,
			);
			mainGroup = 88BC58D52D3E327300B2F889;
			minimizedProjectReferenceProxies = 1;
			preferredProjectObjectVersion = 77;
			productRefGroup = 88BC58DF2D3E327300B2F889 /* Products */;
			projectDirPath = "";
			projectRoot = "";
			targets = (
				88BC58DD2D3E327300B2F889 /* Premier League Players */,
				88BC58ED2D3E327500B2F889 /* Premier League PlayersTests */,
				88BC58F72D3E327500B2F889 /* Premier League PlayersUITests */,
			);
		};
/* End PBXProject section */

/* Begin PBXResourcesBuildPhase section */
		88BC58DC2D3E327300B2F889 /* Resources */ = {
			isa = PBXResourcesBuildPhase;
			buildActionMask = 2147483647;
			files = (
			);
			runOnlyForDeploymentPostprocessing = 0;
		};
		88BC58EC2D3E327500B2F889 /* Resources */ = {
			isa = PBXResourcesBuildPhase;
			buildActionMask = 2147483647;
			files = (
			);
			runOnlyForDeploymentPostprocessing = 0;
		};
		88BC58F62D3E327500B2F889 /* Resources */ = {
			isa = PBXResourcesBuildPhase;
			buildActionMask = 2147483647;
			files = (
			);
			runOnlyForDeploymentPostprocessing = 0;
		};
/* End PBXResourcesBuildPhase section */

/* Begin PBXSourcesBuildPhase section */
		88BC58DA2D3E327300B2F889 /* Sources */ = {
			isa = PBXSourcesBuildPhase;
			buildActionMask = 2147483647;
			files = (
			);
			runOnlyForDeploymentPostprocessing = 0;
		};
		88BC58EA2D3E327500B2F889 /* Sources */ = {
			isa = PBXSourcesBuildPhase;
			buildActionMask = 2147483647;
			files = (
			);
			runOnlyForDeploymentPostprocessing = 0;
		};
		88BC58F42D3E327500B2F889 /* Sources */ = {
			isa = PBXSourcesBuildPhase;
			buildActionMask = 2147483647;
			files = (
			);
			runOnlyForDeploymentPostprocessing = 0;
		};
/* End PBXSourcesBuildPhase section */

/* Begin PBXTargetDependency section */
		88BC58F02D3E327500B2F889 /* PBXTargetDependency */ = {
			isa = PBXTargetDependency;
			target = 88BC58DD2D3E327300B2F889 /* Premier League Players */;
			targetProxy = 88BC58EF2D3E327500B2F889 /* PBXContainerItemProxy */;
		};
		88BC58FA2D3E327500B2F889 /* PBXTargetDependency */ = {
			isa = PBXTargetDependency;
			target = 88BC58DD2D3E327300B2F889 /* Premier League Players */;
			targetProxy = 88BC58F92D3E327500B2F889 /* PBXContainerItemProxy */;
		};
/* End PBXTargetDependency section */

/* Begin XCBuildConfiguration section */
		88BC59002D3E327500B2F889 /* Debug */ = {
			isa = XCBuildConfiguration;
			buildSettings = {
				ALWAYS_SEARCH_USER_PATHS = NO;
				ASSETCATALOG_COMPILER_GENERATE_SWIFT_ASSET_SYMBOL_EXTENSIONS = YES;
				CLANG_ANALYZER_NONNULL = YES;
				CLANG_ANALYZER_NUMBER_OBJECT_CONVERSION = YES_AGGRESSIVE;
				CLANG_CXX_LANGUAGE_STANDARD = "gnu++20";
				CLANG_ENABLE_MODULES = YES;
				CLANG_ENABLE_OBJC_ARC = YES;
				CLANG_ENABLE_OBJC_WEAK = YES;
				CLANG_WARN_BLOCK_CAPTURE_AUTORELEASING = YES;
				CLANG_WARN_BOOL_CONVERSION = YES;
				CLANG_WARN_COMMA = YES;
				CLANG_WARN_CONSTANT_CONVERSION = YES;
				CLANG_WARN_DEPRECATED_OBJC_IMPLEMENTATIONS = YES;
				CLANG_WARN_DIRECT_OBJC_ISA_USAGE = YES_ERROR;
				CLANG_WARN_DOCUMENTATION_COMMENTS = YES;
				CLANG_WARN_EMPTY_BODY = YES;
				CLANG_WARN_ENUM_CONVERSION = YES;
				CLANG_WARN_INFINITE_RECURSION = YES;
				CLANG_WARN_INT_CONVERSION = YES;
				CLANG_WARN_NON_LITERAL_NULL_CONVERSION = YES;
				CLANG_WARN_OBJC_IMPLICIT_RETAIN_SELF = YES;
				CLANG_WARN_OBJC_LITERAL_CONVERSION = YES;
				CLANG_WARN_OBJC_ROOT_CLASS = YES_ERROR;
				CLANG_WARN_QUOTED_INCLUDE_IN_FRAMEWORK_HEADER = YES;
				CLANG_WARN_RANGE_LOOP_ANALYSIS = YES;
				CLANG_WARN_STRICT_PROTOTYPES = YES;
				CLANG_WARN_SUSPICIOUS_MOVE = YES;
				CLANG_WARN_UNGUARDED_AVAILABILITY = YES_AGGRESSIVE;
				CLANG_WARN_UNREACHABLE_CODE = YES;
				CLANG_WARN__DUPLICATE_METHOD_MATCH = YES;
				COPY_PHASE_STRIP = NO;
				DEBUG_INFORMATION_FORMAT = dwarf;
				ENABLE_STRICT_OBJC_MSGSEND = YES;
				ENABLE_TESTABILITY = YES;
				ENABLE_USER_SCRIPT_SANDBOXING = YES;
				GCC_C_LANGUAGE_STANDARD = gnu17;
				GCC_DYNAMIC_NO_PIC = NO;
				GCC_NO_COMMON_BLOCKS = YES;
				GCC_OPTIMIZATION_LEVEL = 0;
				GCC_PREPROCESSOR_DEFINITIONS = (
					"DEBUG=1",
					"$(inherited)",
				);
				GCC_WARN_64_TO_32_BIT_CONVERSION = YES;
				GCC_WARN_ABOUT_RETURN_TYPE = YES_ERROR;
				GCC_WARN_UNDECLARED_SELECTOR = YES;
				GCC_WARN_UNINITIALIZED_AUTOS = YES_AGGRESSIVE;
				GCC_WARN_UNUSED_FUNCTION = YES;
				GCC_WARN_UNUSED_VARIABLE = YES;
				IPHONEOS_DEPLOYMENT_TARGET = 18.2;
				LOCALIZATION_PREFERS_STRING_CATALOGS = YES;
				MTL_ENABLE_DEBUG_INFO = INCLUDE_SOURCE;
				MTL_FAST_MATH = YES;
				ONLY_ACTIVE_ARCH = YES;
				SDKROOT = iphoneos;
				SWIFT_ACTIVE_COMPILATION_CONDITIONS = "DEBUG $(inherited)";
				SWIFT_OPTIMIZATION_LEVEL = "-Onone";
			};
			name = Debug;
		};
		88BC59012D3E327500B2F889 /* Release */ = {
			isa = XCBuildConfiguration;
			buildSettings = {
				ALWAYS_SEARCH_USER_PATHS = NO;
				ASSETCATALOG_COMPILER_GENERATE_SWIFT_ASSET_SYMBOL_EXTENSIONS = YES;
				CLANG_ANALYZER_NONNULL = YES;
				CLANG_ANALYZER_NUMBER_OBJECT_CONVERSION = YES_AGGRESSIVE;
				CLANG_CXX_LANGUAGE_STANDARD = "gnu++20";
				CLANG_ENABLE_MODULES = YES;
				CLANG_ENABLE_OBJC_ARC = YES;
				CLANG_ENABLE_OBJC_WEAK = YES;
				CLANG_WARN_BLOCK_CAPTURE_AUTORELEASING = YES;
				CLANG_WARN_BOOL_CONVERSION = YES;
				CLANG_WARN_COMMA = YES;
				CLANG_WARN_CONSTANT_CONVERSION = YES;
				CLANG_WARN_DEPRECATED_OBJC_IMPLEMENTATIONS = YES;
				CLANG_WARN_DIRECT_OBJC_ISA_USAGE = YES_ERROR;
				CLANG_WARN_DOCUMENTATION_COMMENTS = YES;
				CLANG_WARN_EMPTY_BODY = YES;
				CLANG_WARN_ENUM_CONVERSION = YES;
				CLANG_WARN_INFINITE_RECURSION = YES;
				CLANG_WARN_INT_CONVERSION = YES;
				CLANG_WARN_NON_LITERAL_NULL_CONVERSION = YES;
				CLANG_WARN_OBJC_IMPLICIT_RETAIN_SELF = YES;
				CLANG_WARN_OBJC_LITERAL_CONVERSION = YES;
				CLANG_WARN_OBJC_ROOT_CLASS = YES_ERROR;
				CLANG_WARN_QUOTED_INCLUDE_IN_FRAMEWORK_HEADER = YES;
				CLANG_WARN_RANGE_LOOP_ANALYSIS = YES;
				CLANG_WARN_STRICT_PROTOTYPES = YES;
				CLANG_WARN_SUSPICIOUS_MOVE = YES;
				CLANG_WARN_UNGUARDED_AVAILABILITY = YES_AGGRESSIVE;
				CLANG_WARN_UNREACHABLE_CODE = YES;
				CLANG_WARN__DUPLICATE_METHOD_MATCH = YES;
				COPY_PHASE_STRIP = NO;
				DEBUG_INFORMATION_FORMAT = "dwarf-with-dsym";
				ENABLE_NS_ASSERTIONS = NO;
				ENABLE_STRICT_OBJC_MSGSEND = YES;
				ENABLE_USER_SCRIPT_SANDBOXING = YES;
				GCC_C_LANGUAGE_STANDARD = gnu17;
				GCC_NO_COMMON_BLOCKS = YES;
				GCC_WARN_64_TO_32_BIT_CONVERSION = YES;
				GCC_WARN_ABOUT_RETURN_TYPE = YES_ERROR;
				GCC_WARN_UNDECLARED_SELECTOR = YES;
				GCC_WARN_UNINITIALIZED_AUTOS = YES_AGGRESSIVE;
				GCC_WARN_UNUSED_FUNCTION = YES;
				GCC_WARN_UNUSED_VARIABLE = YES;
				IPHONEOS_DEPLOYMENT_TARGET = 18.2;
				LOCALIZATION_PREFERS_STRING_CATALOGS = YES;
				MTL_ENABLE_DEBUG_INFO = NO;
				MTL_FAST_MATH = YES;
				SDKROOT = iphoneos;
				SWIFT_COMPILATION_MODE = wholemodule;
				VALIDATE_PRODUCT = YES;
			};
			name = Release;
		};
		88BC59032D3E327500B2F889 /* Debug */ = {
			isa = XCBuildConfiguration;
			buildSettings = {
				ASSETCATALOG_COMPILER_APPICON_NAME = AppIcon;
				ASSETCATALOG_COMPILER_GLOBAL_ACCENT_COLOR_NAME = AccentColor;
				CODE_SIGN_STYLE = Automatic;
				CURRENT_PROJECT_VERSION = 1;
				DEVELOPMENT_ASSET_PATHS = "\"Premier League Players/Preview Content\"";
				DEVELOPMENT_TEAM = 7F7ZGHY9HS;
				ENABLE_PREVIEWS = YES;
				GENERATE_INFOPLIST_FILE = YES;
				INFOPLIST_KEY_UIApplicationSceneManifest_Generation = YES;
				INFOPLIST_KEY_UIApplicationSupportsIndirectInputEvents = YES;
				INFOPLIST_KEY_UILaunchScreen_Generation = YES;
				INFOPLIST_KEY_UISupportedInterfaceOrientations_iPad = "UIInterfaceOrientationPortrait UIInterfaceOrientationPortraitUpsideDown UIInterfaceOrientationLandscapeLeft UIInterfaceOrientationLandscapeRight";
				INFOPLIST_KEY_UISupportedInterfaceOrientations_iPhone = "UIInterfaceOrientationPortrait UIInterfaceOrientationLandscapeLeft UIInterfaceOrientationLandscapeRight";
				LD_RUNPATH_SEARCH_PATHS = (
					"$(inherited)",
					"@executable_path/Frameworks",
				);
				MARKETING_VERSION = 1.0;
				PRODUCT_BUNDLE_IDENTIFIER = "AI.Tucuxi.Premier-League-Players";
				PRODUCT_NAME = "$(TARGET_NAME)";
				SWIFT_EMIT_LOC_STRINGS = YES;
				SWIFT_VERSION = 5.0;
				TARGETED_DEVICE_FAMILY = "1,2";
			};
			name = Debug;
		};
		88BC59042D3E327500B2F889 /* Release */ = {
			isa = XCBuildConfiguration;
			buildSettings = {
				ASSETCATALOG_COMPILER_APPICON_NAME = AppIcon;
				ASSETCATALOG_COMPILER_GLOBAL_ACCENT_COLOR_NAME = AccentColor;
				CODE_SIGN_STYLE = Automatic;
				CURRENT_PROJECT_VERSION = 1;
				DEVELOPMENT_ASSET_PATHS = "\"Premier League Players/Preview Content\"";
				DEVELOPMENT_TEAM = 7F7ZGHY9HS;
				ENABLE_PREVIEWS = YES;
				GENERATE_INFOPLIST_FILE = YES;
				INFOPLIST_KEY_UIApplicationSceneManifest_Generation = YES;
				INFOPLIST_KEY_UIApplicationSupportsIndirectInputEvents = YES;
				INFOPLIST_KEY_UILaunchScreen_Generation = YES;
				INFOPLIST_KEY_UISupportedInterfaceOrientations_iPad = "UIInterfaceOrientationPortrait UIInterfaceOrientationPortraitUpsideDown UIInterfaceOrientationLandscapeLeft UIInterfaceOrientationLandscapeRight";
				INFOPLIST_KEY_UISupportedInterfaceOrientations_iPhone = "UIInterfaceOrientationPortrait UIInterfaceOrientationLandscapeLeft UIInterfaceOrientationLandscapeRight";
				LD_RUNPATH_SEARCH_PATHS = (
					"$(inherited)",
					"@executable_path/Frameworks",
				);
				MARKETING_VERSION = 1.0;
				PRODUCT_BUNDLE_IDENTIFIER = "AI.Tucuxi.Premier-League-Players";
				PRODUCT_NAME = "$(TARGET_NAME)";
				SWIFT_EMIT_LOC_STRINGS = YES;
				SWIFT_VERSION = 5.0;
				TARGETED_DEVICE_FAMILY = "1,2";
			};
			name = Release;
		};
		88BC59062D3E327500B2F889 /* Debug */ = {
			isa = XCBuildConfiguration;
			buildSettings = {
				BUNDLE_LOADER = "$(TEST_HOST)";
				CODE_SIGN_STYLE = Automatic;
				CURRENT_PROJECT_VERSION = 1;
				DEVELOPMENT_TEAM = 7F7ZGHY9HS;
				GENERATE_INFOPLIST_FILE = YES;
				IPHONEOS_DEPLOYMENT_TARGET = 18.2;
				MARKETING_VERSION = 1.0;
				PRODUCT_BUNDLE_IDENTIFIER = "AI.Tucuxi.Premier-League-PlayersTests";
				PRODUCT_NAME = "$(TARGET_NAME)";
				SWIFT_EMIT_LOC_STRINGS = NO;
				SWIFT_VERSION = 5.0;
				TARGETED_DEVICE_FAMILY = "1,2";
				TEST_HOST = "$(BUILT_PRODUCTS_DIR)/Premier League Players.app/$(BUNDLE_EXECUTABLE_FOLDER_PATH)/Premier League Players";
			};
			name = Debug;
		};
		88BC59072D3E327500B2F889 /* Release */ = {
			isa = XCBuildConfiguration;
			buildSettings = {
				BUNDLE_LOADER = "$(TEST_HOST)";
				CODE_SIGN_STYLE = Automatic;
				CURRENT_PROJECT_VERSION = 1;
				DEVELOPMENT_TEAM = 7F7ZGHY9HS;
				GENERATE_INFOPLIST_FILE = YES;
				IPHONEOS_DEPLOYMENT_TARGET = 18.2;
				MARKETING_VERSION = 1.0;
				PRODUCT_BUNDLE_IDENTIFIER = "AI.Tucuxi.Premier-League-PlayersTests";
				PRODUCT_NAME = "$(TARGET_NAME)";
				SWIFT_EMIT_LOC_STRINGS = NO;
				SWIFT_VERSION = 5.0;
				TARGETED_DEVICE_FAMILY = "1,2";
				TEST_HOST = "$(BUILT_PRODUCTS_DIR)/Premier League Players.app/$(BUNDLE_EXECUTABLE_FOLDER_PATH)/Premier League Players";
			};
			name = Release;
		};
		88BC59092D3E327500B2F889 /* Debug */ = {
			isa = XCBuildConfiguration;
			buildSettings = {
				CODE_SIGN_STYLE = Automatic;
				CURRENT_PROJECT_VERSION = 1;
				DEVELOPMENT_TEAM = 7F7ZGHY9HS;
				GENERATE_INFOPLIST_FILE = YES;
				MARKETING_VERSION = 1.0;
				PRODUCT_BUNDLE_IDENTIFIER = "AI.Tucuxi.Premier-League-PlayersUITests";
				PRODUCT_NAME = "$(TARGET_NAME)";
				SWIFT_EMIT_LOC_STRINGS = NO;
				SWIFT_VERSION = 5.0;
				TARGETED_DEVICE_FAMILY = "1,2";
				TEST_TARGET_NAME = "Premier League Players";
			};
			name = Debug;
		};
		88BC590A2D3E327500B2F889 /* Release */ = {
			isa = XCBuildConfiguration;
			buildSettings = {
				CODE_SIGN_STYLE = Automatic;
				CURRENT_PROJECT_VERSION = 1;
				DEVELOPMENT_TEAM = 7F7ZGHY9HS;
				GENERATE_INFOPLIST_FILE = YES;
				MARKETING_VERSION = 1.0;
				PRODUCT_BUNDLE_IDENTIFIER = "AI.Tucuxi.Premier-League-PlayersUITests";
				PRODUCT_NAME = "$(TARGET_NAME)";
				SWIFT_EMIT_LOC_STRINGS = NO;
				SWIFT_VERSION = 5.0;
				TARGETED_DEVICE_FAMILY = "1,2";
				TEST_TARGET_NAME = "Premier League Players";
			};
			name = Release;
		};
/* End XCBuildConfiguration section */

/* Begin XCConfigurationList section */
		88BC58D92D3E327300B2F889 /* Build configuration list for PBXProject "Premier League Players" */ = {
			isa = XCConfigurationList;
			buildConfigurations = (
				88BC59002D3E327500B2F889 /* Debug */,
				88BC59012D3E327500B2F889 /* Release */,
			);
			defaultConfigurationIsVisible = 0;
			defaultConfigurationName = Release;
		};
		88BC59022D3E327500B2F889 /* Build configuration list for PBXNativeTarget "Premier League Players" */ = {
			isa = XCConfigurationList;
			buildConfigurations = (
				88BC59032D3E327500B2F889 /* Debug */,
				88BC59042D3E327500B2F889 /* Release */,
			);
			defaultConfigurationIsVisible = 0;
			defaultConfigurationName = Release;
		};
		88BC59052D3E327500B2F889 /* Build configuration list for PBXNativeTarget "Premier League PlayersTests" */ = {
			isa = XCConfigurationList;
			buildConfigurations = (
				88BC59062D3E327500B2F889 /* Debug */,
				88BC59072D3E327500B2F889 /* Release */,
			);
			defaultConfigurationIsVisible = 0;
			defaultConfigurationName = Release;
		};
		88BC59082D3E327500B2F889 /* Build configuration list for PBXNativeTarget "Premier League PlayersUITests" */ = {
			isa = XCConfigurationList;
			buildConfigurations = (
				88BC59092D3E327500B2F889 /* Debug */,
				88BC590A2D3E327500B2F889 /* Release */,
			);
			defaultConfigurationIsVisible = 0;
			defaultConfigurationName = Release;
		};
/* End XCConfigurationList section */
	};
	rootObject = 88BC58D62D3E327300B2F889 /* Project object */;
}
